
Microsoft Visual Studio Solution File, Format Version 12.00
# Visual Studio Version 17
VisualStudioVersion = 17.11.35327.3
MinimumVisualStudioVersion = 10.0.40219.1
Project("{FAE04EC0-301F-11D3-BF4B-00C04F79EFBC}") = "BusinessObject.Shared.Models", "BusinessObject.Shared.Models\BusinessObject.Shared.Models.csproj", "{BE8FE1C5-966B-4360-9B42-A761ACAC7585}"
EndProject
Project("{FAE04EC0-301F-11D3-BF4B-00C04F79EFBC}") = "Common.Shared", "Common.Shared\Common.Shared.csproj", "{6D13FC3B-905B-41D7-BB9A-59B348C06B5C}"
EndProject
Project("{FAE04EC0-301F-11D3-BF4B-00C04F79EFBC}") = "OcelotAPIGateway", "OcelotAPIGateway\OcelotAPIGateway.csproj", "{D68E963E-BBB0-4135-9605-9A65295B874E}"
EndProject
Project("{FAE04EC0-301F-11D3-BF4B-00C04F79EFBC}") = "Blog.Microservices", "Blog.Microservices\Blog.Microservices.csproj", "{473796D1-4C40-4F9A-A27D-CE831915966F}"
EndProject
Project("{FAE04EC0-301F-11D3-BF4B-00C04F79EFBC}") = "Category.Microservices", "Category.Microservices\Category.Microservices.csproj", "{5F4EDF02-2639-4A9B-AF88-03193AEF381E}"
EndProject
Global
	GlobalSection(SolutionConfigurationPlatforms) = preSolution
		Debug|Any CPU = Debug|Any CPU
		Release|Any CPU = Release|Any CPU
	EndGlobalSection
	GlobalSection(ProjectConfigurationPlatforms) = postSolution
		{BE8FE1C5-966B-4360-9B42-A761ACAC7585}.Debug|Any CPU.ActiveCfg = Debug|Any CPU
		{BE8FE1C5-966B-4360-9B42-A761ACAC7585}.Debug|Any CPU.Build.0 = Debug|Any CPU
		{BE8FE1C5-966B-4360-9B42-A761ACAC7585}.Release|Any CPU.ActiveCfg = Release|Any CPU
		{BE8FE1C5-966B-4360-9B42-A761ACAC7585}.Release|Any CPU.Build.0 = Release|Any CPU
		{6D13FC3B-905B-41D7-BB9A-59B348C06B5C}.Debug|Any CPU.ActiveCfg = Debug|Any CPU
		{6D13FC3B-905B-41D7-BB9A-59B348C06B5C}.Debug|Any CPU.Build.0 = Debug|Any CPU
		{6D13FC3B-905B-41D7-BB9A-59B348C06B5C}.Release|Any CPU.ActiveCfg = Release|Any CPU
		{6D13FC3B-905B-41D7-BB9A-59B348C06B5C}.Release|Any CPU.Build.0 = Release|Any CPU
		{D68E963E-BBB0-4135-9605-9A65295B874E}.Debug|Any CPU.ActiveCfg = Debug|Any CPU
		{D68E963E-BBB0-4135-9605-9A65295B874E}.Debug|Any CPU.Build.0 = Debug|Any CPU
		{D68E963E-BBB0-4135-9605-9A65295B874E}.Release|Any CPU.ActiveCfg = Release|Any CPU
		{D68E963E-BBB0-4135-9605-9A65295B874E}.Release|Any CPU.Build.0 = Release|Any CPU
		{473796D1-4C40-4F9A-A27D-CE831915966F}.Debug|Any CPU.ActiveCfg = Debug|Any CPU
		{473796D1-4C40-4F9A-A27D-CE831915966F}.Debug|Any CPU.Build.0 = Debug|Any CPU
		{473796D1-4C40-4F9A-A27D-CE831915966F}.Release|Any CPU.ActiveCfg = Release|Any CPU
		{473796D1-4C40-4F9A-A27D-CE831915966F}.Release|Any CPU.Build.0 = Release|Any CPU
		{5F4EDF02-2639-4A9B-AF88-03193AEF381E}.Debug|Any CPU.ActiveCfg = Debug|Any CPU
		{5F4EDF02-2639-4A9B-AF88-03193AEF381E}.Debug|Any CPU.Build.0 = Debug|Any CPU
		{5F4EDF02-2639-4A9B-AF88-03193AEF381E}.Release|Any CPU.ActiveCfg = Release|Any CPU
		{5F4EDF02-2639-4A9B-AF88-03193AEF381E}.Release|Any CPU.Build.0 = Release|Any CPU
	EndGlobalSection
	GlobalSection(SolutionProperties) = preSolution
		HideSolutionNode = FALSE
	EndGlobalSection
	GlobalSection(ExtensibilityGlobals) = postSolution
		SolutionGuid = {F6A09565-E9D2-4C2A-82C7-D0072CC288AF}
	EndGlobalSection
EndGlobal
