
Microsoft Visual Studio Solution File, Format Version 12.00
# Visual Studio Version 17
VisualStudioVersion = 17.11.35222.181
MinimumVisualStudioVersion = 10.0.40219.1
Project("{9A19103F-16F7-4668-BE54-9A1E7A4F7556}") = "SPHealthSupportSystem_gRPCService", "SPHealthSupportSystem_gRPCService\SPHealthSupportSystem_gRPCService.csproj", "{1983758A-4E00-4FE0-BD88-C787F3D4CDFA}"
EndProject
Project("{9A19103F-16F7-4668-BE54-9A1E7A4F7556}") = "SPHealthSupportSystem_MVCWebApp", "SPHealthSupportSystem_MVCWebApp\SPHealthSupportSystem_MVCWebApp.csproj", "{63C924B3-66A7-4B37-8904-B42453F2E6A6}"
EndProject
Project("{9A19103F-16F7-4668-BE54-9A1E7A4F7556}") = "SPHealthSupportSystem_Repositories", "SPHealthSupportSystem_Repositories\SPHealthSupportSystem_Repositories.csproj", "{EB57248B-252A-4395-8C83-A3711A53BCD7}"
EndProject
Project("{9A19103F-16F7-4668-BE54-9A1E7A4F7556}") = "SPHealthSupportSystem_Services", "SPHealthSupportSystem_Services\SPHealthSupportSystem_Services.csproj", "{2C0B5498-EB42-4868-A5D5-FCD3043B0D20}"
EndProject
Global
	GlobalSection(SolutionConfigurationPlatforms) = preSolution
		Debug|Any CPU = Debug|Any CPU
		Release|Any CPU = Release|Any CPU
	EndGlobalSection
	GlobalSection(ProjectConfigurationPlatforms) = postSolution
		{1983758A-4E00-4FE0-BD88-C787F3D4CDFA}.Debug|Any CPU.ActiveCfg = Debug|Any CPU
		{1983758A-4E00-4FE0-BD88-C787F3D4CDFA}.Debug|Any CPU.Build.0 = Debug|Any CPU
		{1983758A-4E00-4FE0-BD88-C787F3D4CDFA}.Release|Any CPU.ActiveCfg = Release|Any CPU
		{1983758A-4E00-4FE0-BD88-C787F3D4CDFA}.Release|Any CPU.Build.0 = Release|Any CPU
		{63C924B3-66A7-4B37-8904-B42453F2E6A6}.Debug|Any CPU.ActiveCfg = Debug|Any CPU
		{63C924B3-66A7-4B37-8904-B42453F2E6A6}.Debug|Any CPU.Build.0 = Debug|Any CPU
		{63C924B3-66A7-4B37-8904-B42453F2E6A6}.Release|Any CPU.ActiveCfg = Release|Any CPU
		{63C924B3-66A7-4B37-8904-B42453F2E6A6}.Release|Any CPU.Build.0 = Release|Any CPU
		{EB57248B-252A-4395-8C83-A3711A53BCD7}.Debug|Any CPU.ActiveCfg = Debug|Any CPU
		{EB57248B-252A-4395-8C83-A3711A53BCD7}.Debug|Any CPU.Build.0 = Debug|Any CPU
		{EB57248B-252A-4395-8C83-A3711A53BCD7}.Release|Any CPU.ActiveCfg = Release|Any CPU
		{EB57248B-252A-4395-8C83-A3711A53BCD7}.Release|Any CPU.Build.0 = Release|Any CPU
		{2C0B5498-EB42-4868-A5D5-FCD3043B0D20}.Debug|Any CPU.ActiveCfg = Debug|Any CPU
		{2C0B5498-EB42-4868-A5D5-FCD3043B0D20}.Debug|Any CPU.Build.0 = Debug|Any CPU
		{2C0B5498-EB42-4868-A5D5-FCD3043B0D20}.Release|Any CPU.ActiveCfg = Release|Any CPU
		{2C0B5498-EB42-4868-A5D5-FCD3043B0D20}.Release|Any CPU.Build.0 = Release|Any CPU
	EndGlobalSection
	GlobalSection(SolutionProperties) = preSolution
		HideSolutionNode = FALSE
	EndGlobalSection
	GlobalSection(ExtensibilityGlobals) = postSolution
		SolutionGuid = {5CEBB767-620A-469A-99E0-EF567326624E}
	EndGlobalSection
EndGlobal
